
Microsoft Visual Studio Solution File, Format Version 12.00
# Visual Studio Version 16
VisualStudioVersion = 16.0.32106.194
MinimumVisualStudioVersion = 10.0.40219.1
Project("{8BC9CEB8-8B4A-11D0-8D11-00A0C91BC942}") = "Replace_Code", "Replace_Code\Replace_Code.vcxproj", "{E6041F7C-AB7B-4A3E-8619-DF81F20A1E19}"
EndProject
Global
	GlobalSection(SolutionConfigurationPlatforms) = preSolution
		Debug|x64 = Debug|x64
		Debug|x86 = Debug|x86
		Release|x64 = Release|x64
		Release|x86 = Release|x86
	EndGlobalSection
	GlobalSection(ProjectConfigurationPlatforms) = postSolution
		{E6041F7C-AB7B-4A3E-8619-DF81F20A1E19}.Debug|x64.ActiveCfg = Debug|x64
		{E6041F7C-AB7B-4A3E-8619-DF81F20A1E19}.Debug|x64.Build.0 = Debug|x64
		{E6041F7C-AB7B-4A3E-8619-DF81F20A1E19}.Debug|x86.ActiveCfg = Debug|Win32
		{E6041F7C-AB7B-4A3E-8619-DF81F20A1E19}.Debug|x86.Build.0 = Debug|Win32
		{E6041F7C-AB7B-4A3E-8619-DF81F20A1E19}.Release|x64.ActiveCfg = Release|x64
		{E6041F7C-AB7B-4A3E-8619-DF81F20A1E19}.Release|x64.Build.0 = Release|x64
		{E6041F7C-AB7B-4A3E-8619-DF81F20A1E19}.Release|x86.ActiveCfg = Release|Win32
		{E6041F7C-AB7B-4A3E-8619-DF81F20A1E19}.Release|x86.Build.0 = Release|Win32
	EndGlobalSection
	GlobalSection(SolutionProperties) = preSolution
		HideSolutionNode = FALSE
	EndGlobalSection
	GlobalSection(ExtensibilityGlobals) = postSolution
		SolutionGuid = {E676F35C-7A48-4373-BCFD-36C6C4AD2018}
	EndGlobalSection
EndGlobal
